
Microsoft Visual Studio Solution File, Format Version 12.00
# Visual Studio Version 17
VisualStudioVersion = 17.0.32112.339
MinimumVisualStudioVersion = 10.0.40219.1
Project("{9A19103F-16F7-4668-BE54-9A1E7A4F7556}") = "SquiggleyAutomationApps", "SquiggleyAutomationApps.csproj", "{40CEB99A-F1D5-45C9-A3D1-DBAAD4A156F5}"
EndProject
Project("{FAE04EC0-301F-11D3-BF4B-00C04F79EFBC}") = "SquiggleyAutomationApps.Unit.Tests", "..\SquiggleyAutomationApps.Unit.Tests\SquiggleyAutomationApps.Unit.Tests.csproj", "{DEEAA4FD-DCC2-42D8-9EE9-A07632515897}"
EndProject
Global
	GlobalSection(SolutionConfigurationPlatforms) = preSolution
		Debug|Any CPU = Debug|Any CPU
		Release|Any CPU = Release|Any CPU
	EndGlobalSection
	GlobalSection(ProjectConfigurationPlatforms) = postSolution
		{40CEB99A-F1D5-45C9-A3D1-DBAAD4A156F5}.Debug|Any CPU.ActiveCfg = Debug|Any CPU
		{40CEB99A-F1D5-45C9-A3D1-DBAAD4A156F5}.Debug|Any CPU.Build.0 = Debug|Any CPU
		{40CEB99A-F1D5-45C9-A3D1-DBAAD4A156F5}.Release|Any CPU.ActiveCfg = Release|Any CPU
		{40CEB99A-F1D5-45C9-A3D1-DBAAD4A156F5}.Release|Any CPU.Build.0 = Release|Any CPU
		{DEEAA4FD-DCC2-42D8-9EE9-A07632515897}.Debug|Any CPU.ActiveCfg = Debug|Any CPU
		{DEEAA4FD-DCC2-42D8-9EE9-A07632515897}.Debug|Any CPU.Build.0 = Debug|Any CPU
		{DEEAA4FD-DCC2-42D8-9EE9-A07632515897}.Release|Any CPU.ActiveCfg = Release|Any CPU
		{DEEAA4FD-DCC2-42D8-9EE9-A07632515897}.Release|Any CPU.Build.0 = Release|Any CPU
	EndGlobalSection
	GlobalSection(SolutionProperties) = preSolution
		HideSolutionNode = FALSE
	EndGlobalSection
	GlobalSection(ExtensibilityGlobals) = postSolution
		SolutionGuid = {92AFD96C-345E-4EF3-AAE5-F53ED9B21C1C}
	EndGlobalSection
EndGlobal
